{
    "_meta": {
        "hash": {
            "sha256": "9854fd22976d501d82a38f57073c70f0d39d9992edf106a398c350652b4d724e"
        },
        "pipfile-spec": 6,
        "requires": {
            "python_version": "3.14"
        },
        "sources": [
            {
                "name": "pypi",
                "url": "https://pypi.org/simple",
                "verify_ssl": true
            }
        ]
    },
    "default": {
        "asgiref": {
            "hashes": [
                "sha256:59dcb51c272ad209d59bed5708a64a333083e86017d7fcdd67498eeab7784340",
                "sha256:fe386d1c2bff7259ea95929266d12a8cf9a8b5a1c2598402967d8792e7a7c094"
            ],
            "markers": "python_version >= '3.10'",
            "version": "==3.12.1"
        },
        "django": {
            "hashes": [
                "sha256:585fb82bf15053c42cf52e67c2f1b54a032dca384759315fd6678ab1870d1d72",
                "sha256:7ab93536d8e677aa14554c56426290c69480bf2ee68d7513d4a22f57d6bfeb84"
            ],
            "index": "pypi",
            "markers": "python_version >= '3.12'",
            "version": "==6.1.1"
        },
        "django-debug-toolbar": {
            "hashes": [
                "sha256:329dfd6e1c26d9b4501a5cc69294c8bb734206ccb1bd36e96afc4d14128b630a",
                "sha256:cae32d3e441e608f39f3f1ca6b3f028c38d5d04d74c98d8ab96d46022dee3163"
            ],
            "index": "pypi",
            "markers": "python_version >= '3.10'",
            "version": "==8.0.0"
        },
        "psycopg2": {
            "hashes": [
                "sha256:0d2fc7eedfaca0586dcf1476454598428d0d8471d3b5cb55f92015a5f9d0af40",
                "sha256:10f7408b34412e8c0d4f8b1565541f1d651b1d00447857e5d8561b38f5c1a738",
                "sha256:165e25c1b0e616a1f28080c5c68bd2dc015051d83c90240b2171d3e76ca2b5ff",
                "sha256:7d48416f6a4823ada9b33771085331b842b553df88435701bff5ddb4469905de",
                "sha256:a6f54fd8e0024f35240866b5dfff9ead2a0dbd33b8096eec438bc6093412842d",
                "sha256:d16e7a5f5e400ac51ca953d42255804eff6c8a9650b1a2074f6ca6261d740382",
                "sha256:d36784fc2dae69523ba4b79c7d1d1b4d6e83e87836874f111262f4db940b16a6"
            ],
            "index": "pypi",
            "markers": "python_version >= '3.10'",
            "version": "==2.9.13"
        },
        "sqlparse": {
            "hashes": [
                "sha256:113c35c75365ab9cc9c7231d68c6428fb11c085fc8e9eb1ad659b7ddbf6cd2b9",
                "sha256:b861c0288ce2fa56209a9a6412d2e066ac664b3873b89c26c9d8415e8e32996f"
            ],
            "markers": "python_version >= '3.10'",
            "version": "==0.6.0"
        },
        "tzdata": {
            "hashes": [
                "sha256:4a1518b8993086a7982523e071643f3c0e5f213e75b21318e78bcabfff9d1415",
                "sha256:dc096730c87af6cab1b171c9d532be840741ff5d459015e7f6947bd7d7e54931"
            ],
            "markers": "python_version >= '2'",
            "version": "==2026.3"
        }
    },
    "develop": {}
}
